// !$*UTF8*$!
{
	archiveVersion = 1;
	classes = {
	};
	objectVersion = 46;
	objects = {

/* Begin PBXBuildFile section */
		2A46A1E119B339DF00F21C92 /* AppDelegate.swift in Sources */ = {isa = PBXBuildFile; fileRef = 2A46A1E019B339DF00F21C92 /* AppDelegate.swift */; };
		2A46A1E319B339DF00F21C92 /* ViewController.swift in Sources */ = {isa = PBXBuildFile; fileRef = 2A46A1E219B339DF00F21C92 /* ViewController.swift */; };
		2A46A1E619B339DF00F21C92 /* Main.storyboard in Resources */ = {isa = PBXBuildFile; fileRef = 2A46A1E419B339DF00F21C92 /* Main.storyboard */; };
		2A46A1E819B339DF00F21C92 /* Images.xcassets in Resources */ = {isa = PBXBuildFile; fileRef = 2A46A1E719B339DF00F21C92 /* Images.xcassets */; };
		2A46A1F419B339DF00F21C92 /* EventsTests.swift in Sources */ = {isa = PBXBuildFile; fileRef = 2A46A1F319B339DF00F21C92 /* EventsTests.swift */; };
		2A79432519B3D18E004DDF1E /* Realm.framework in Frameworks */ = {isa = PBXBuildFile; fileRef = 2A79431019B3D11B004DDF1E /* Realm.framework */; };
		2A79432819B3D19B004DDF1E /* Realm.framework in CopyFiles */ = {isa = PBXBuildFile; fileRef = 2A79431419B3D11B004DDF1E /* Realm.framework */; settings = {ATTRIBUTES = (CodeSignOnCopy, RemoveHeadersOnCopy, ); }; };
		2A79433219B3E06F004DDF1E /* Event.swift in Sources */ = {isa = PBXBuildFile; fileRef = 2A79433119B3E06F004DDF1E /* Event.swift */; };
		2ACA107819B340DE008EF8CA /* EventTableViewController.swift in Sources */ = {isa = PBXBuildFile; fileRef = 2ACA107719B340DE008EF8CA /* EventTableViewController.swift */; };
/* End PBXBuildFile section */

/* Begin PBXContainerItemProxy section */
		2A46A1EE19B339DF00F21C92 /* PBXContainerItemProxy */ = {
			isa = PBXContainerItemProxy;
			containerPortal = 2A46A1D319B339DF00F21C92 /* Project object */;
			proxyType = 1;
			remoteGlobalIDString = 2A46A1DA19B339DF00F21C92;
			remoteInfo = Events;
		};
		2A79430F19B3D11B004DDF1E /* PBXContainerItemProxy */ = {
			isa = PBXContainerItemProxy;
			containerPortal = 2A79430419B3D11A004DDF1E /* Realm-Xcode6.xcodeproj */;
			proxyType = 2;
			remoteGlobalIDString = E8D89B981955FC6D00CF2B9A;
			remoteInfo = OSX;
		};
		2A79431119B3D11B004DDF1E /* PBXContainerItemProxy */ = {
			isa = PBXContainerItemProxy;
			containerPortal = 2A79430419B3D11A004DDF1E /* Realm-Xcode6.xcodeproj */;
			proxyType = 2;
			remoteGlobalIDString = E8D89BA31955FC6D00CF2B9A;
			remoteInfo = "OSX Tests";
		};
		2A79431319B3D11B004DDF1E /* PBXContainerItemProxy */ = {
			isa = PBXContainerItemProxy;
			containerPortal = 2A79430419B3D11A004DDF1E /* Realm-Xcode6.xcodeproj */;
			proxyType = 2;
			remoteGlobalIDString = E856D1D5195614A300FB2FCF;
			remoteInfo = iOS;
		};
		2A79431519B3D11B004DDF1E /* PBXContainerItemProxy */ = {
			isa = PBXContainerItemProxy;
			containerPortal = 2A79430419B3D11A004DDF1E /* Realm-Xcode6.xcodeproj */;
			proxyType = 2;
			remoteGlobalIDString = E856D1DF195614A400FB2FCF;
			remoteInfo = "iOS Tests";
		};
		2A79431719B3D11B004DDF1E /* PBXContainerItemProxy */ = {
			isa = PBXContainerItemProxy;
			containerPortal = 2A79430419B3D11A004DDF1E /* Realm-Xcode6.xcodeproj */;
			proxyType = 2;
			remoteGlobalIDString = 3F8DCA5719930F550008BD7F;
			remoteInfo = "iOS Device Tests";
		};
		2A79431919B3D11B004DDF1E /* PBXContainerItemProxy */ = {
			isa = PBXContainerItemProxy;
			containerPortal = 2A79430419B3D11A004DDF1E /* Realm-Xcode6.xcodeproj */;
			proxyType = 2;
			remoteGlobalIDString = E8FE4140196DBA6700073FBB;
			remoteInfo = OSXTestFramework;
		};
		2A79431B19B3D11B004DDF1E /* PBXContainerItemProxy */ = {
			isa = PBXContainerItemProxy;
			containerPortal = 2A79430419B3D11A004DDF1E /* Realm-Xcode6.xcodeproj */;
			proxyType = 2;
			remoteGlobalIDString = E8CA10F9196DC18A0044F8AA;
			remoteInfo = iOSTestFramework;
		};
		2A79431D19B3D11B004DDF1E /* PBXContainerItemProxy */ = {
			isa = PBXContainerItemProxy;
			containerPortal = 2A79430419B3D11A004DDF1E /* Realm-Xcode6.xcodeproj */;
			proxyType = 2;
			remoteGlobalIDString = 3F1A5E721992EB7400F45F4C;
			remoteInfo = TestHost;
		};
		2A79432319B3D184004DDF1E /* PBXContainerItemProxy */ = {
			isa = PBXContainerItemProxy;
			containerPortal = 2A79430419B3D11A004DDF1E /* Realm-Xcode6.xcodeproj */;
			proxyType = 1;
			remoteGlobalIDString = E856D1D4195614A300FB2FCF;
			remoteInfo = iOS;
		};
/* End PBXContainerItemProxy section */

/* Begin PBXCopyFilesBuildPhase section */
		2A79432619B3D190004DDF1E /* CopyFiles */ = {
			isa = PBXCopyFilesBuildPhase;
			buildActionMask = 2147483647;
			dstPath = "";
			dstSubfolderSpec = 10;
			files = (
				2A79432819B3D19B004DDF1E /* Realm.framework in CopyFiles */,
			);
			runOnlyForDeploymentPostprocessing = 0;
		};
/* End PBXCopyFilesBuildPhase section */

/* Begin PBXFileReference section */
		2A46A1DB19B339DF00F21C92 /* Events.app */ = {isa = PBXFileReference; explicitFileType = wrapper.application; includeInIndex = 0; path = Events.app; sourceTree = BUILT_PRODUCTS_DIR; };
		2A46A1DF19B339DF00F21C92 /* Info.plist */ = {isa = PBXFileReference; lastKnownFileType = text.plist.xml; path = Info.plist; sourceTree = "<group>"; };
		2A46A1E019B339DF00F21C92 /* AppDelegate.swift */ = {isa = PBXFileReference; lastKnownFileType = sourcecode.swift; path = AppDelegate.swift; sourceTree = "<group>"; };
		2A46A1E219B339DF00F21C92 /* ViewController.swift */ = {isa = PBXFileReference; lastKnownFileType = sourcecode.swift; path = ViewController.swift; sourceTree = "<group>"; };
		2A46A1E519B339DF00F21C92 /* Base */ = {isa = PBXFileReference; lastKnownFileType = file.storyboard; name = Base; path = Base.lproj/Main.storyboard; sourceTree = "<group>"; };
		2A46A1E719B339DF00F21C92 /* Images.xcassets */ = {isa = PBXFileReference; lastKnownFileType = folder.assetcatalog; path = Images.xcassets; sourceTree = "<group>"; };
		2A46A1ED19B339DF00F21C92 /* EventsTests.xctest */ = {isa = PBXFileReference; explicitFileType = wrapper.cfbundle; includeInIndex = 0; path = EventsTests.xctest; sourceTree = BUILT_PRODUCTS_DIR; };
		2A46A1F219B339DF00F21C92 /* Info.plist */ = {isa = PBXFileReference; lastKnownFileType = text.plist.xml; path = Info.plist; sourceTree = "<group>"; };
		2A46A1F319B339DF00F21C92 /* EventsTests.swift */ = {isa = PBXFileReference; lastKnownFileType = sourcecode.swift; path = EventsTests.swift; sourceTree = "<group>"; };
		2A79430419B3D11A004DDF1E /* Realm-Xcode6.xcodeproj */ = {isa = PBXFileReference; lastKnownFileType = "wrapper.pb-project"; name = "Realm-Xcode6.xcodeproj"; path = "../../../iOS/Frameworks/realm-cocoa/Realm-Xcode6.xcodeproj"; sourceTree = "<group>"; };
		2A79433119B3E06F004DDF1E /* Event.swift */ = {isa = PBXFileReference; fileEncoding = 4; lastKnownFileType = sourcecode.swift; name = Event.swift; path = ../Event.swift; sourceTree = "<group>"; };
		2ACA107719B340DE008EF8CA /* EventTableViewController.swift */ = {isa = PBXFileReference; fileEncoding = 4; lastKnownFileType = sourcecode.swift; path = EventTableViewController.swift; sourceTree = "<group>"; };
/* End PBXFileReference section */

/* Begin PBXFrameworksBuildPhase section */
		2A46A1D819B339DF00F21C92 /* Frameworks */ = {
			isa = PBXFrameworksBuildPhase;
			buildActionMask = 2147483647;
			files = (
				2A79432519B3D18E004DDF1E /* Realm.framework in Frameworks */,
			);
			runOnlyForDeploymentPostprocessing = 0;
		};
		2A46A1EA19B339DF00F21C92 /* Frameworks */ = {
			isa = PBXFrameworksBuildPhase;
			buildActionMask = 2147483647;
			files = (
			);
			runOnlyForDeploymentPostprocessing = 0;
		};
/* End PBXFrameworksBuildPhase section */

/* Begin PBXGroup section */
		2A46A1D219B339DF00F21C92 = {
			isa = PBXGroup;
			children = (
				2A79430419B3D11A004DDF1E /* Realm-Xcode6.xcodeproj */,
				2A46A1DD19B339DF00F21C92 /* Events */,
				2A46A1F019B339DF00F21C92 /* EventsTests */,
				2A46A1DC19B339DF00F21C92 /* Products */,
			);
			sourceTree = "<group>";
		};
		2A46A1DC19B339DF00F21C92 /* Products */ = {
			isa = PBXGroup;
			children = (
				2A46A1DB19B339DF00F21C92 /* Events.app */,
				2A46A1ED19B339DF00F21C92 /* EventsTests.xctest */,
			);
			name = Products;
			sourceTree = "<group>";
		};
		2A46A1DD19B339DF00F21C92 /* Events */ = {
			isa = PBXGroup;
			children = (
				2A79433319B3E089004DDF1E /* Model */,
				2A79433519B3E132004DDF1E /* Delegate */,
				2A79433419B3E12B004DDF1E /* Controllers */,
				2A46A1E419B339DF00F21C92 /* Main.storyboard */,
				2A46A1E719B339DF00F21C92 /* Images.xcassets */,
				2A46A1DE19B339DF00F21C92 /* Supporting Files */,
			);
			path = Events;
			sourceTree = "<group>";
		};
		2A46A1DE19B339DF00F21C92 /* Supporting Files */ = {
			isa = PBXGroup;
			children = (
				2A46A1DF19B339DF00F21C92 /* Info.plist */,
			);
			name = "Supporting Files";
			sourceTree = "<group>";
		};
		2A46A1F019B339DF00F21C92 /* EventsTests */ = {
			isa = PBXGroup;
			children = (
				2A46A1F319B339DF00F21C92 /* EventsTests.swift */,
				2A46A1F119B339DF00F21C92 /* Supporting Files */,
			);
			path = EventsTests;
			sourceTree = "<group>";
		};
		2A46A1F119B339DF00F21C92 /* Supporting Files */ = {
			isa = PBXGroup;
			children = (
				2A46A1F219B339DF00F21C92 /* Info.plist */,
			);
			name = "Supporting Files";
			sourceTree = "<group>";
		};
		2A79430519B3D11A004DDF1E /* Products */ = {
			isa = PBXGroup;
			children = (
				2A79431019B3D11B004DDF1E /* Realm.framework */,
				2A79431219B3D11B004DDF1E /* OSX Tests.xctest */,
				2A79431419B3D11B004DDF1E /* Realm.framework */,
				2A79431619B3D11B004DDF1E /* iOS Tests.xctest */,
				2A79431819B3D11B004DDF1E /* iOS Device Tests.xctest */,
				2A79431A19B3D11B004DDF1E /* TestFramework.framework */,
				2A79431C19B3D11B004DDF1E /* TestFramework.framework */,
				2A79431E19B3D11B004DDF1E /* TestHost.app */,
			);
			name = Products;
			sourceTree = "<group>";
		};
		2A79433319B3E089004DDF1E /* Model */ = {
			isa = PBXGroup;
			children = (
				2A79433119B3E06F004DDF1E /* Event.swift */,
			);
			name = Model;
			sourceTree = "<group>";
		};
		2A79433419B3E12B004DDF1E /* Controllers */ = {
			isa = PBXGroup;
			children = (
				2A46A1E219B339DF00F21C92 /* ViewController.swift */,
				2ACA107719B340DE008EF8CA /* EventTableViewController.swift */,
			);
			name = Controllers;
			sourceTree = "<group>";
		};
		2A79433519B3E132004DDF1E /* Delegate */ = {
			isa = PBXGroup;
			children = (
				2A46A1E019B339DF00F21C92 /* AppDelegate.swift */,
			);
			name = Delegate;
			sourceTree = "<group>";
		};
/* End PBXGroup section */

/* Begin PBXNativeTarget section */
		2A46A1DA19B339DF00F21C92 /* Events */ = {
			isa = PBXNativeTarget;
			buildConfigurationList = 2A46A1F719B339DF00F21C92 /* Build configuration list for PBXNativeTarget "Events" */;
			buildPhases = (
				2A46A1D719B339DF00F21C92 /* Sources */,
				2A46A1D819B339DF00F21C92 /* Frameworks */,
				2A46A1D919B339DF00F21C92 /* Resources */,
				2A79432619B3D190004DDF1E /* CopyFiles */,
			);
			buildRules = (
			);
			dependencies = (
				2A79432419B3D184004DDF1E /* PBXTargetDependency */,
			);
			name = Events;
			productName = Events;
			productReference = 2A46A1DB19B339DF00F21C92 /* Events.app */;
			productType = "com.apple.product-type.application";
		};
		2A46A1EC19B339DF00F21C92 /* EventsTests */ = {
			isa = PBXNativeTarget;
			buildConfigurationList = 2A46A1FA19B339DF00F21C92 /* Build configuration list for PBXNativeTarget "EventsTests" */;
			buildPhases = (
				2A46A1E919B339DF00F21C92 /* Sources */,
				2A46A1EA19B339DF00F21C92 /* Frameworks */,
				2A46A1EB19B339DF00F21C92 /* Resources */,
			);
			buildRules = (
			);
			dependencies = (
				2A46A1EF19B339DF00F21C92 /* PBXTargetDependency */,
			);
			name = EventsTests;
			productName = EventsTests;
			productReference = 2A46A1ED19B339DF00F21C92 /* EventsTests.xctest */;
			productType = "com.apple.product-type.bundle.unit-test";
		};
/* End PBXNativeTarget section */

/* Begin PBXProject section */
		2A46A1D319B339DF00F21C92 /* Project object */ = {
			isa = PBXProject;
			attributes = {
				LastUpgradeCheck = 0600;
				ORGANIZATIONNAME = "Andrew Varvel";
				TargetAttributes = {
					2A46A1DA19B339DF00F21C92 = {
						CreatedOnToolsVersion = 6.0;
					};
					2A46A1EC19B339DF00F21C92 = {
						CreatedOnToolsVersion = 6.0;
						TestTargetID = 2A46A1DA19B339DF00F21C92;
					};
				};
			};
			buildConfigurationList = 2A46A1D619B339DF00F21C92 /* Build configuration list for PBXProject "Events" */;
			compatibilityVersion = "Xcode 3.2";
			developmentRegion = English;
			hasScannedForEncodings = 0;
			knownRegions = (
				en,
				Base,
			);
			mainGroup = 2A46A1D219B339DF00F21C92;
			productRefGroup = 2A46A1DC19B339DF00F21C92 /* Products */;
			projectDirPath = "";
			projectReferences = (
				{
					ProductGroup = 2A79430519B3D11A004DDF1E /* Products */;
					ProjectRef = 2A79430419B3D11A004DDF1E /* Realm-Xcode6.xcodeproj */;
				},
			);
			projectRoot = "";
			targets = (
				2A46A1DA19B339DF00F21C92 /* Events */,
				2A46A1EC19B339DF00F21C92 /* EventsTests */,
			);
		};
/* End PBXProject section */

/* Begin PBXReferenceProxy section */
		2A79431019B3D11B004DDF1E /* Realm.framework */ = {
			isa = PBXReferenceProxy;
			fileType = wrapper.framework;
			path = Realm.framework;
			remoteRef = 2A79430F19B3D11B004DDF1E /* PBXContainerItemProxy */;
			sourceTree = BUILT_PRODUCTS_DIR;
		};
		2A79431219B3D11B004DDF1E /* OSX Tests.xctest */ = {
			isa = PBXReferenceProxy;
			fileType = wrapper.cfbundle;
			path = "OSX Tests.xctest";
			remoteRef = 2A79431119B3D11B004DDF1E /* PBXContainerItemProxy */;
			sourceTree = BUILT_PRODUCTS_DIR;
		};
		2A79431419B3D11B004DDF1E /* Realm.framework */ = {
			isa = PBXReferenceProxy;
			fileType = wrapper.framework;
			path = Realm.framework;
			remoteRef = 2A79431319B3D11B004DDF1E /* PBXContainerItemProxy */;
			sourceTree = BUILT_PRODUCTS_DIR;
		};
		2A79431619B3D11B004DDF1E /* iOS Tests.xctest */ = {
			isa = PBXReferenceProxy;
			fileType = wrapper.cfbundle;
			path = "iOS Tests.xctest";
			remoteRef = 2A79431519B3D11B004DDF1E /* PBXContainerItemProxy */;
			sourceTree = BUILT_PRODUCTS_DIR;
		};
		2A79431819B3D11B004DDF1E /* iOS Device Tests.xctest */ = {
			isa = PBXReferenceProxy;
			fileType = wrapper.cfbundle;
			path = "iOS Device Tests.xctest";
			remoteRef = 2A79431719B3D11B004DDF1E /* PBXContainerItemProxy */;
			sourceTree = BUILT_PRODUCTS_DIR;
		};
		2A79431A19B3D11B004DDF1E /* TestFramework.framework */ = {
			isa = PBXReferenceProxy;
			fileType = wrapper.framework;
			path = TestFramework.framework;
			remoteRef = 2A79431919B3D11B004DDF1E /* PBXContainerItemProxy */;
			sourceTree = BUILT_PRODUCTS_DIR;
		};
		2A79431C19B3D11B004DDF1E /* TestFramework.framework */ = {
			isa = PBXReferenceProxy;
			fileType = wrapper.framework;
			path = TestFramework.framework;
			remoteRef = 2A79431B19B3D11B004DDF1E /* PBXContainerItemProxy */;
			sourceTree = BUILT_PRODUCTS_DIR;
		};
		2A79431E19B3D11B004DDF1E /* TestHost.app */ = {
			isa = PBXReferenceProxy;
			fileType = wrapper.application;
			path = TestHost.app;
			remoteRef = 2A79431D19B3D11B004DDF1E /* PBXContainerItemProxy */;
			sourceTree = BUILT_PRODUCTS_DIR;
		};
/* End PBXReferenceProxy section */

/* Begin PBXResourcesBuildPhase section */
		2A46A1D919B339DF00F21C92 /* Resources */ = {
			isa = PBXResourcesBuildPhase;
			buildActionMask = 2147483647;
			files = (
				2A46A1E619B339DF00F21C92 /* Main.storyboard in Resources */,
				2A46A1E819B339DF00F21C92 /* Images.xcassets in Resources */,
			);
			runOnlyForDeploymentPostprocessing = 0;
		};
		2A46A1EB19B339DF00F21C92 /* Resources */ = {
			isa = PBXResourcesBuildPhase;
			buildActionMask = 2147483647;
			files = (
			);
			runOnlyForDeploymentPostprocessing = 0;
		};
/* End PBXResourcesBuildPhase section */

/* Begin PBXSourcesBuildPhase section */
		2A46A1D719B339DF00F21C92 /* Sources */ = {
			isa = PBXSourcesBuildPhase;
			buildActionMask = 2147483647;
			files = (
				2A79433219B3E06F004DDF1E /* Event.swift in Sources */,
				2A46A1E319B339DF00F21C92 /* ViewController.swift in Sources */,
				2ACA107819B340DE008EF8CA /* EventTableViewController.swift in Sources */,
				2A46A1E119B339DF00F21C92 /* AppDelegate.swift in Sources */,
			);
			runOnlyForDeploymentPostprocessing = 0;
		};
		2A46A1E919B339DF00F21C92 /* Sources */ = {
			isa = PBXSourcesBuildPhase;
			buildActionMask = 2147483647;
			files = (
				2A46A1F419B339DF00F21C92 /* EventsTests.swift in Sources */,
			);
			runOnlyForDeploymentPostprocessing = 0;
		};
/* End PBXSourcesBuildPhase section */

/* Begin PBXTargetDependency section */
		2A46A1EF19B339DF00F21C92 /* PBXTargetDependency */ = {
			isa = PBXTargetDependency;
			target = 2A46A1DA19B339DF00F21C92 /* Events */;
			targetProxy = 2A46A1EE19B339DF00F21C92 /* PBXContainerItemProxy */;
		};
		2A79432419B3D184004DDF1E /* PBXTargetDependency */ = {
			isa = PBXTargetDependency;
			name = iOS;
			targetProxy = 2A79432319B3D184004DDF1E /* PBXContainerItemProxy */;
		};
/* End PBXTargetDependency section */

/* Begin PBXVariantGroup section */
		2A46A1E419B339DF00F21C92 /* Main.storyboard */ = {
			isa = PBXVariantGroup;
			children = (
				2A46A1E519B339DF00F21C92 /* Base */,
			);
			name = Main.storyboard;
			sourceTree = "<group>";
		};
/* End PBXVariantGroup section */

/* Begin XCBuildConfiguration section */
		2A46A1F519B339DF00F21C92 /* Debug */ = {
			isa = XCBuildConfiguration;
			buildSettings = {
				ALWAYS_SEARCH_USER_PATHS = NO;
				CLANG_CXX_LANGUAGE_STANDARD = "gnu++0x";
				CLANG_CXX_LIBRARY = "libc++";
				CLANG_ENABLE_MODULES = YES;
				CLANG_ENABLE_OBJC_ARC = YES;
				CLANG_WARN_BOOL_CONVERSION = YES;
				CLANG_WARN_CONSTANT_CONVERSION = YES;
				CLANG_WARN_DIRECT_OBJC_ISA_USAGE = YES_ERROR;
				CLANG_WARN_EMPTY_BODY = YES;
				CLANG_WARN_ENUM_CONVERSION = YES;
				CLANG_WARN_INT_CONVERSION = YES;
				CLANG_WARN_OBJC_ROOT_CLASS = YES_ERROR;
				CLANG_WARN_UNREACHABLE_CODE = YES;
				CLANG_WARN__DUPLICATE_METHOD_MATCH = YES;
				"CODE_SIGN_IDENTITY[sdk=iphoneos*]" = "iPhone Developer";
				COPY_PHASE_STRIP = NO;
				ENABLE_STRICT_OBJC_MSGSEND = YES;
				GCC_C_LANGUAGE_STANDARD = gnu99;
				GCC_DYNAMIC_NO_PIC = NO;
				GCC_OPTIMIZATION_LEVEL = 0;
				GCC_PREPROCESSOR_DEFINITIONS = (
					"DEBUG=1",
					"$(inherited)",
				);
				GCC_SYMBOLS_PRIVATE_EXTERN = NO;
				GCC_WARN_64_TO_32_BIT_CONVERSION = YES;
				GCC_WARN_ABOUT_RETURN_TYPE = YES_ERROR;
				GCC_WARN_UNDECLARED_SELECTOR = YES;
				GCC_WARN_UNINITIALIZED_AUTOS = YES_AGGRESSIVE;
				GCC_WARN_UNUSED_FUNCTION = YES;
				GCC_WARN_UNUSED_VARIABLE = YES;
				IPHONEOS_DEPLOYMENT_TARGET = 8.0;
				MTL_ENABLE_DEBUG_INFO = YES;
				ONLY_ACTIVE_ARCH = YES;
				SDKROOT = iphoneos;
				SWIFT_OPTIMIZATION_LEVEL = "-Onone";
			};
			name = Debug;
		};
		2A46A1F619B339DF00F21C92 /* Release */ = {
			isa = XCBuildConfiguration;
			buildSettings = {
				ALWAYS_SEARCH_USER_PATHS = NO;
				CLANG_CXX_LANGUAGE_STANDARD = "gnu++0x";
				CLANG_CXX_LIBRARY = "libc++";
				CLANG_ENABLE_MODULES = YES;
				CLANG_ENABLE_OBJC_ARC = YES;
				CLANG_WARN_BOOL_CONVERSION = YES;
				CLANG_WARN_CONSTANT_CONVERSION = YES;
				CLANG_WARN_DIRECT_OBJC_ISA_USAGE = YES_ERROR;
				CLANG_WARN_EMPTY_BODY = YES;
				CLANG_WARN_ENUM_CONVERSION = YES;
				CLANG_WARN_INT_CONVERSION = YES;
				CLANG_WARN_OBJC_ROOT_CLASS = YES_ERROR;
				CLANG_WARN_UNREACHABLE_CODE = YES;
				CLANG_WARN__DUPLICATE_METHOD_MATCH = YES;
				"CODE_SIGN_IDENTITY[sdk=iphoneos*]" = "iPhone Developer";
				COPY_PHASE_STRIP = YES;
				ENABLE_NS_ASSERTIONS = NO;
				ENABLE_STRICT_OBJC_MSGSEND = YES;
				GCC_C_LANGUAGE_STANDARD = gnu99;
				GCC_WARN_64_TO_32_BIT_CONVERSION = YES;
				GCC_WARN_ABOUT_RETURN_TYPE = YES_ERROR;
				GCC_WARN_UNDECLARED_SELECTOR = YES;
				GCC_WARN_UNINITIALIZED_AUTOS = YES_AGGRESSIVE;
				GCC_WARN_UNUSED_FUNCTION = YES;
				GCC_WARN_UNUSED_VARIABLE = YES;
				IPHONEOS_DEPLOYMENT_TARGET = 8.0;
				MTL_ENABLE_DEBUG_INFO = NO;
				SDKROOT = iphoneos;
				VALIDATE_PRODUCT = YES;
			};
			name = Release;
		};
		2A46A1F819B339DF00F21C92 /* Debug */ = {
			isa = XCBuildConfiguration;
			buildSettings = {
				ASSETCATALOG_COMPILER_APPICON_NAME = AppIcon;
				ASSETCATALOG_COMPILER_LAUNCHIMAGE_NAME = LaunchImage;
				DEFINES_MODULE = YES;
				INFOPLIST_FILE = Events/Info.plist;
				LD_RUNPATH_SEARCH_PATHS = "$(inherited) @executable_path/Frameworks";
				PRODUCT_NAME = "$(TARGET_NAME)";
			};
			name = Debug;
		};
		2A46A1F919B339DF00F21C92 /* Release */ = {
			isa = XCBuildConfiguration;
			buildSettings = {
				ASSETCATALOG_COMPILER_APPICON_NAME = AppIcon;
				ASSETCATALOG_COMPILER_LAUNCHIMAGE_NAME = LaunchImage;
				DEFINES_MODULE = YES;
				INFOPLIST_FILE = Events/Info.plist;
				LD_RUNPATH_SEARCH_PATHS = "$(inherited) @executable_path/Frameworks";
				PRODUCT_NAME = "$(TARGET_NAME)";
			};
			name = Release;
		};
		2A46A1FB19B339DF00F21C92 /* Debug */ = {
			isa = XCBuildConfiguration;
			buildSettings = {
				BUNDLE_LOADER = "$(TEST_HOST)";
				FRAMEWORK_SEARCH_PATHS = (
					"$(SDKROOT)/Developer/Library/Frameworks",
					"$(inherited)",
				);
				GCC_PREPROCESSOR_DEFINITIONS = (
					"DEBUG=1",
					"$(inherited)",
				);
				INFOPLIST_FILE = EventsTests/Info.plist;
				LD_RUNPATH_SEARCH_PATHS = "$(inherited) @executable_path/Frameworks @loader_path/Frameworks";
				PRODUCT_NAME = "$(TARGET_NAME)";
				TEST_HOST = "$(BUILT_PRODUCTS_DIR)/Events.app/Events";
			};
			name = Debug;
		};
		2A46A1FC19B339DF00F21C92 /* Release */ = {
			isa = XCBuildConfiguration;
			buildSettings = {
				BUNDLE_LOADER = "$(TEST_HOST)";
				FRAMEWORK_SEARCH_PATHS = (
					"$(SDKROOT)/Developer/Library/Frameworks",
					"$(inherited)",
				);
				INFOPLIST_FILE = EventsTests/Info.plist;
				LD_RUNPATH_SEARCH_PATHS = "$(inherited) @executable_path/Frameworks @loader_path/Frameworks";
				PRODUCT_NAME = "$(TARGET_NAME)";
				TEST_HOST = "$(BUILT_PRODUCTS_DIR)/Events.app/Events";
			};
			name = Release;
		};
/* End XCBuildConfiguration section */

/* Begin XCConfigurationList section */
		2A46A1D619B339DF00F21C92 /* Build configuration list for PBXProject "Events" */ = {
			isa = XCConfigurationList;
			buildConfigurations = (
				2A46A1F519B339DF00F21C92 /* Debug */,
				2A46A1F619B339DF00F21C92 /* Release */,
			);
			defaultConfigurationIsVisible = 0;
			defaultConfigurationName = Release;
		};
		2A46A1F719B339DF00F21C92 /* Build configuration list for PBXNativeTarget "Events" */ = {
			isa = XCConfigurationList;
			buildConfigurations = (
				2A46A1F819B339DF00F21C92 /* Debug */,
				2A46A1F919B339DF00F21C92 /* Release */,
			);
			defaultConfigurationIsVisible = 0;
			defaultConfigurationName = Release;
		};
		2A46A1FA19B339DF00F21C92 /* Build configuration list for PBXNativeTarget "EventsTests" */ = {
			isa = XCConfigurationList;
			buildConfigurations = (
				2A46A1FB19B339DF00F21C92 /* Debug */,
				2A46A1FC19B339DF00F21C92 /* Release */,
			);
			defaultConfigurationIsVisible = 0;
			defaultConfigurationName = Release;
		};
/* End XCConfigurationList section */
	};
	rootObject = 2A46A1D319B339DF00F21C92 /* Project object */;
}
